
Microsoft Visual Studio Solution File, Format Version 12.00
# Visual Studio 15
VisualStudioVersion = 15.0.26730.16
MinimumVisualStudioVersion = 10.0.40219.1
Project("{8BC9CEB8-8B4A-11D0-8D11-00A0C91BC942}") = "Ex01", "Ex01\Ex01.vcxproj", "{B46C2555-94A7-4643-A862-E1BC128C1C64}"
EndProject
Project("{8BC9CEB8-8B4A-11D0-8D11-00A0C91BC942}") = "Ex03", "Ex03\Ex03.vcxproj", "{DC9FDF84-029D-4741-ADDF-61EE7E912788}"
EndProject
Project("{8BC9CEB8-8B4A-11D0-8D11-00A0C91BC942}") = "Ex04", "Ex04\Ex04.vcxproj", "{D4A3E77B-E4E8-4AFF-8602-194342D61061}"
EndProject
Project("{8BC9CEB8-8B4A-11D0-8D11-00A0C91BC942}") = "Ex05", "Ex05\Ex05.vcxproj", "{FC392F3D-3EF2-48E8-8C6A-2EFC101F7E8E}"
EndProject
Project("{8BC9CEB8-8B4A-11D0-8D11-00A0C91BC942}") = "Ex09", "Ex09\Ex09.vcxproj", "{36E5FF14-265A-498E-8171-4AEE9BAFD1F3}"
EndProject
Project("{8BC9CEB8-8B4A-11D0-8D11-00A0C91BC942}") = "Ex08", "Ex08\Ex08.vcxproj", "{F10F5D5E-086C-4621-A546-8C2A6A972F09}"
EndProject
Project("{8BC9CEB8-8B4A-11D0-8D11-00A0C91BC942}") = "Ex10", "Ex10\Ex10.vcxproj", "{8A443917-6073-4D8C-B7F1-099E70861660}"
EndProject
Project("{8BC9CEB8-8B4A-11D0-8D11-00A0C91BC942}") = "Ex02", "Ex02\Ex02.vcxproj", "{7244BC4C-619A-44CE-A3A4-2AA4A8B5E160}"
EndProject
Project("{8BC9CEB8-8B4A-11D0-8D11-00A0C91BC942}") = "Ex07", "Ex07\Ex07.vcxproj", "{BD49CBD3-355F-4EFB-A5B9-C30A11CAF567}"
EndProject
Project("{8BC9CEB8-8B4A-11D0-8D11-00A0C91BC942}") = "Ex06", "Ex06\Ex06.vcxproj", "{DB74F69A-EFA4-4DE0-BBF2-889842C1E8B6}"
EndProject
Global
	GlobalSection(SolutionConfigurationPlatforms) = preSolution
		Debug|x64 = Debug|x64
		Debug|x86 = Debug|x86
		Release|x64 = Release|x64
		Release|x86 = Release|x86
	EndGlobalSection
	GlobalSection(ProjectConfigurationPlatforms) = postSolution
		{B46C2555-94A7-4643-A862-E1BC128C1C64}.Debug|x64.ActiveCfg = Debug|x64
		{B46C2555-94A7-4643-A862-E1BC128C1C64}.Debug|x64.Build.0 = Debug|x64
		{B46C2555-94A7-4643-A862-E1BC128C1C64}.Debug|x86.ActiveCfg = Debug|Win32
		{B46C2555-94A7-4643-A862-E1BC128C1C64}.Debug|x86.Build.0 = Debug|Win32
		{B46C2555-94A7-4643-A862-E1BC128C1C64}.Release|x64.ActiveCfg = Release|x64
		{B46C2555-94A7-4643-A862-E1BC128C1C64}.Release|x64.Build.0 = Release|x64
		{B46C2555-94A7-4643-A862-E1BC128C1C64}.Release|x86.ActiveCfg = Release|Win32
		{B46C2555-94A7-4643-A862-E1BC128C1C64}.Release|x86.Build.0 = Release|Win32
		{DC9FDF84-029D-4741-ADDF-61EE7E912788}.Debug|x64.ActiveCfg = Debug|x64
		{DC9FDF84-029D-4741-ADDF-61EE7E912788}.Debug|x64.Build.0 = Debug|x64
		{DC9FDF84-029D-4741-ADDF-61EE7E912788}.Debug|x86.ActiveCfg = Debug|Win32
		{DC9FDF84-029D-4741-ADDF-61EE7E912788}.Debug|x86.Build.0 = Debug|Win32
		{DC9FDF84-029D-4741-ADDF-61EE7E912788}.Release|x64.ActiveCfg = Release|x64
		{DC9FDF84-029D-4741-ADDF-61EE7E912788}.Release|x64.Build.0 = Release|x64
		{DC9FDF84-029D-4741-ADDF-61EE7E912788}.Release|x86.ActiveCfg = Release|Win32
		{DC9FDF84-029D-4741-ADDF-61EE7E912788}.Release|x86.Build.0 = Release|Win32
		{D4A3E77B-E4E8-4AFF-8602-194342D61061}.Debug|x64.ActiveCfg = Debug|x64
		{D4A3E77B-E4E8-4AFF-8602-194342D61061}.Debug|x64.Build.0 = Debug|x64
		{D4A3E77B-E4E8-4AFF-8602-194342D61061}.Debug|x86.ActiveCfg = Debug|Win32
		{D4A3E77B-E4E8-4AFF-8602-194342D61061}.Debug|x86.Build.0 = Debug|Win32
		{D4A3E77B-E4E8-4AFF-8602-194342D61061}.Release|x64.ActiveCfg = Release|x64
		{D4A3E77B-E4E8-4AFF-8602-194342D61061}.Release|x64.Build.0 = Release|x64
		{D4A3E77B-E4E8-4AFF-8602-194342D61061}.Release|x86.ActiveCfg = Release|Win32
		{D4A3E77B-E4E8-4AFF-8602-194342D61061}.Release|x86.Build.0 = Release|Win32
		{FC392F3D-3EF2-48E8-8C6A-2EFC101F7E8E}.Debug|x64.ActiveCfg = Debug|x64
		{FC392F3D-3EF2-48E8-8C6A-2EFC101F7E8E}.Debug|x64.Build.0 = Debug|x64
		{FC392F3D-3EF2-48E8-8C6A-2EFC101F7E8E}.Debug|x86.ActiveCfg = Debug|Win32
		{FC392F3D-3EF2-48E8-8C6A-2EFC101F7E8E}.Debug|x86.Build.0 = Debug|Win32
		{FC392F3D-3EF2-48E8-8C6A-2EFC101F7E8E}.Release|x64.ActiveCfg = Release|x64
		{FC392F3D-3EF2-48E8-8C6A-2EFC101F7E8E}.Release|x64.Build.0 = Release|x64
		{FC392F3D-3EF2-48E8-8C6A-2EFC101F7E8E}.Release|x86.ActiveCfg = Release|Win32
		{FC392F3D-3EF2-48E8-8C6A-2EFC101F7E8E}.Release|x86.Build.0 = Release|Win32
		{36E5FF14-265A-498E-8171-4AEE9BAFD1F3}.Debug|x64.ActiveCfg = Debug|x64
		{36E5FF14-265A-498E-8171-4AEE9BAFD1F3}.Debug|x64.Build.0 = Debug|x64
		{36E5FF14-265A-498E-8171-4AEE9BAFD1F3}.Debug|x86.ActiveCfg = Debug|Win32
		{36E5FF14-265A-498E-8171-4AEE9BAFD1F3}.Debug|x86.Build.0 = Debug|Win32
		{36E5FF14-265A-498E-8171-4AEE9BAFD1F3}.Release|x64.ActiveCfg = Release|x64
		{36E5FF14-265A-498E-8171-4AEE9BAFD1F3}.Release|x64.Build.0 = Release|x64
		{36E5FF14-265A-498E-8171-4AEE9BAFD1F3}.Release|x86.ActiveCfg = Release|Win32
		{36E5FF14-265A-498E-8171-4AEE9BAFD1F3}.Release|x86.Build.0 = Release|Win32
		{F10F5D5E-086C-4621-A546-8C2A6A972F09}.Debug|x64.ActiveCfg = Debug|x64
		{F10F5D5E-086C-4621-A546-8C2A6A972F09}.Debug|x64.Build.0 = Debug|x64
		{F10F5D5E-086C-4621-A546-8C2A6A972F09}.Debug|x86.ActiveCfg = Debug|Win32
		{F10F5D5E-086C-4621-A546-8C2A6A972F09}.Debug|x86.Build.0 = Debug|Win32
		{F10F5D5E-086C-4621-A546-8C2A6A972F09}.Release|x64.ActiveCfg = Release|x64
		{F10F5D5E-086C-4621-A546-8C2A6A972F09}.Release|x64.Build.0 = Release|x64
		{F10F5D5E-086C-4621-A546-8C2A6A972F09}.Release|x86.ActiveCfg = Release|Win32
		{F10F5D5E-086C-4621-A546-8C2A6A972F09}.Release|x86.Build.0 = Release|Win32
		{8A443917-6073-4D8C-B7F1-099E70861660}.Debug|x64.ActiveCfg = Debug|x64
		{8A443917-6073-4D8C-B7F1-099E70861660}.Debug|x64.Build.0 = Debug|x64
		{8A443917-6073-4D8C-B7F1-099E70861660}.Debug|x86.ActiveCfg = Debug|Win32
		{8A443917-6073-4D8C-B7F1-099E70861660}.Debug|x86.Build.0 = Debug|Win32
		{8A443917-6073-4D8C-B7F1-099E70861660}.Release|x64.ActiveCfg = Release|x64
		{8A443917-6073-4D8C-B7F1-099E70861660}.Release|x64.Build.0 = Release|x64
		{8A443917-6073-4D8C-B7F1-099E70861660}.Release|x86.ActiveCfg = Release|Win32
		{8A443917-6073-4D8C-B7F1-099E70861660}.Release|x86.Build.0 = Release|Win32
		{7244BC4C-619A-44CE-A3A4-2AA4A8B5E160}.Debug|x64.ActiveCfg = Debug|x64
		{7244BC4C-619A-44CE-A3A4-2AA4A8B5E160}.Debug|x64.Build.0 = Debug|x64
		{7244BC4C-619A-44CE-A3A4-2AA4A8B5E160}.Debug|x86.ActiveCfg = Debug|Win32
		{7244BC4C-619A-44CE-A3A4-2AA4A8B5E160}.Debug|x86.Build.0 = Debug|Win32
		{7244BC4C-619A-44CE-A3A4-2AA4A8B5E160}.Release|x64.ActiveCfg = Release|x64
		{7244BC4C-619A-44CE-A3A4-2AA4A8B5E160}.Release|x64.Build.0 = Release|x64
		{7244BC4C-619A-44CE-A3A4-2AA4A8B5E160}.Release|x86.ActiveCfg = Release|Win32
		{7244BC4C-619A-44CE-A3A4-2AA4A8B5E160}.Release|x86.Build.0 = Release|Win32
		{BD49CBD3-355F-4EFB-A5B9-C30A11CAF567}.Debug|x64.ActiveCfg = Debug|x64
		{BD49CBD3-355F-4EFB-A5B9-C30A11CAF567}.Debug|x64.Build.0 = Debug|x64
		{BD49CBD3-355F-4EFB-A5B9-C30A11CAF567}.Debug|x86.ActiveCfg = Debug|Win32
		{BD49CBD3-355F-4EFB-A5B9-C30A11CAF567}.Debug|x86.Build.0 = Debug|Win32
		{BD49CBD3-355F-4EFB-A5B9-C30A11CAF567}.Release|x64.ActiveCfg = Release|x64
		{BD49CBD3-355F-4EFB-A5B9-C30A11CAF567}.Release|x64.Build.0 = Release|x64
		{BD49CBD3-355F-4EFB-A5B9-C30A11CAF567}.Release|x86.ActiveCfg = Release|Win32
		{BD49CBD3-355F-4EFB-A5B9-C30A11CAF567}.Release|x86.Build.0 = Release|Win32
		{DB74F69A-EFA4-4DE0-BBF2-889842C1E8B6}.Debug|x64.ActiveCfg = Debug|x64
		{DB74F69A-EFA4-4DE0-BBF2-889842C1E8B6}.Debug|x64.Build.0 = Debug|x64
		{DB74F69A-EFA4-4DE0-BBF2-889842C1E8B6}.Debug|x86.ActiveCfg = Debug|Win32
		{DB74F69A-EFA4-4DE0-BBF2-889842C1E8B6}.Debug|x86.Build.0 = Debug|Win32
		{DB74F69A-EFA4-4DE0-BBF2-889842C1E8B6}.Release|x64.ActiveCfg = Release|x64
		{DB74F69A-EFA4-4DE0-BBF2-889842C1E8B6}.Release|x64.Build.0 = Release|x64
		{DB74F69A-EFA4-4DE0-BBF2-889842C1E8B6}.Release|x86.ActiveCfg = Release|Win32
		{DB74F69A-EFA4-4DE0-BBF2-889842C1E8B6}.Release|x86.Build.0 = Release|Win32
	EndGlobalSection
	GlobalSection(SolutionProperties) = preSolution
		HideSolutionNode = FALSE
	EndGlobalSection
	GlobalSection(ExtensibilityGlobals) = postSolution
		SolutionGuid = {B8E783E2-5C05-416B-A66C-302DAA26D7DA}
	EndGlobalSection
EndGlobal
