
Microsoft Visual Studio Solution File, Format Version 12.00
# Visual Studio 15
VisualStudioVersion = 15.0.26730.16
MinimumVisualStudioVersion = 10.0.40219.1
Project("{8BC9CEB8-8B4A-11D0-8D11-00A0C91BC942}") = "Ex08", "Ex08\Ex08.vcxproj", "{DF73683D-9B23-4F13-A9C9-F745FEEECEB2}"
EndProject
Global
	GlobalSection(SolutionConfigurationPlatforms) = preSolution
		Debug|x64 = Debug|x64
		Debug|x86 = Debug|x86
		Release|x64 = Release|x64
		Release|x86 = Release|x86
	EndGlobalSection
	GlobalSection(ProjectConfigurationPlatforms) = postSolution
		{DF73683D-9B23-4F13-A9C9-F745FEEECEB2}.Debug|x64.ActiveCfg = Debug|x64
		{DF73683D-9B23-4F13-A9C9-F745FEEECEB2}.Debug|x64.Build.0 = Debug|x64
		{DF73683D-9B23-4F13-A9C9-F745FEEECEB2}.Debug|x86.ActiveCfg = Debug|Win32
		{DF73683D-9B23-4F13-A9C9-F745FEEECEB2}.Debug|x86.Build.0 = Debug|Win32
		{DF73683D-9B23-4F13-A9C9-F745FEEECEB2}.Release|x64.ActiveCfg = Release|x64
		{DF73683D-9B23-4F13-A9C9-F745FEEECEB2}.Release|x64.Build.0 = Release|x64
		{DF73683D-9B23-4F13-A9C9-F745FEEECEB2}.Release|x86.ActiveCfg = Release|Win32
		{DF73683D-9B23-4F13-A9C9-F745FEEECEB2}.Release|x86.Build.0 = Release|Win32
	EndGlobalSection
	GlobalSection(SolutionProperties) = preSolution
		HideSolutionNode = FALSE
	EndGlobalSection
	GlobalSection(ExtensibilityGlobals) = postSolution
		SolutionGuid = {1F2500EF-2DA0-4A5D-9AAD-910DBE85879F}
	EndGlobalSection
EndGlobal
