
Microsoft Visual Studio Solution File, Format Version 12.00
# Visual Studio 15
VisualStudioVersion = 15.0.26730.15
MinimumVisualStudioVersion = 10.0.40219.1
Project("{8BC9CEB8-8B4A-11D0-8D11-00A0C91BC942}") = "Ex55", "Ex55\Ex55.vcxproj", "{ACF2BC91-3B11-41D6-8E5D-9B8F4C4D63AF}"
EndProject
Global
	GlobalSection(SolutionConfigurationPlatforms) = preSolution
		Debug|x64 = Debug|x64
		Debug|x86 = Debug|x86
		Release|x64 = Release|x64
		Release|x86 = Release|x86
	EndGlobalSection
	GlobalSection(ProjectConfigurationPlatforms) = postSolution
		{ACF2BC91-3B11-41D6-8E5D-9B8F4C4D63AF}.Debug|x64.ActiveCfg = Debug|x64
		{ACF2BC91-3B11-41D6-8E5D-9B8F4C4D63AF}.Debug|x64.Build.0 = Debug|x64
		{ACF2BC91-3B11-41D6-8E5D-9B8F4C4D63AF}.Debug|x86.ActiveCfg = Debug|Win32
		{ACF2BC91-3B11-41D6-8E5D-9B8F4C4D63AF}.Debug|x86.Build.0 = Debug|Win32
		{ACF2BC91-3B11-41D6-8E5D-9B8F4C4D63AF}.Release|x64.ActiveCfg = Release|x64
		{ACF2BC91-3B11-41D6-8E5D-9B8F4C4D63AF}.Release|x64.Build.0 = Release|x64
		{ACF2BC91-3B11-41D6-8E5D-9B8F4C4D63AF}.Release|x86.ActiveCfg = Release|Win32
		{ACF2BC91-3B11-41D6-8E5D-9B8F4C4D63AF}.Release|x86.Build.0 = Release|Win32
	EndGlobalSection
	GlobalSection(SolutionProperties) = preSolution
		HideSolutionNode = FALSE
	EndGlobalSection
	GlobalSection(ExtensibilityGlobals) = postSolution
		SolutionGuid = {713A02F7-92CD-4D62-8DF3-FBB56E379E25}
	EndGlobalSection
EndGlobal
