
Microsoft Visual Studio Solution File, Format Version 12.00
# Visual Studio 15
VisualStudioVersion = 15.0.26730.16
MinimumVisualStudioVersion = 10.0.40219.1
Project("{8BC9CEB8-8B4A-11D0-8D11-00A0C91BC942}") = "Project1", "Project1\Project1.vcxproj", "{AFC5ED85-63E1-4854-9568-9E7855C2B81E}"
EndProject
Project("{8BC9CEB8-8B4A-11D0-8D11-00A0C91BC942}") = "Project2", "Project2\Project2.vcxproj", "{0D6DDBC1-4CBA-46BE-8758-2B9E09981510}"
EndProject
Global
	GlobalSection(SolutionConfigurationPlatforms) = preSolution
		Debug|x64 = Debug|x64
		Debug|x86 = Debug|x86
		Release|x64 = Release|x64
		Release|x86 = Release|x86
	EndGlobalSection
	GlobalSection(ProjectConfigurationPlatforms) = postSolution
		{AFC5ED85-63E1-4854-9568-9E7855C2B81E}.Debug|x64.ActiveCfg = Debug|x64
		{AFC5ED85-63E1-4854-9568-9E7855C2B81E}.Debug|x64.Build.0 = Debug|x64
		{AFC5ED85-63E1-4854-9568-9E7855C2B81E}.Debug|x86.ActiveCfg = Debug|Win32
		{AFC5ED85-63E1-4854-9568-9E7855C2B81E}.Debug|x86.Build.0 = Debug|Win32
		{AFC5ED85-63E1-4854-9568-9E7855C2B81E}.Release|x64.ActiveCfg = Release|x64
		{AFC5ED85-63E1-4854-9568-9E7855C2B81E}.Release|x64.Build.0 = Release|x64
		{AFC5ED85-63E1-4854-9568-9E7855C2B81E}.Release|x86.ActiveCfg = Release|Win32
		{AFC5ED85-63E1-4854-9568-9E7855C2B81E}.Release|x86.Build.0 = Release|Win32
		{0D6DDBC1-4CBA-46BE-8758-2B9E09981510}.Debug|x64.ActiveCfg = Debug|x64
		{0D6DDBC1-4CBA-46BE-8758-2B9E09981510}.Debug|x64.Build.0 = Debug|x64
		{0D6DDBC1-4CBA-46BE-8758-2B9E09981510}.Debug|x86.ActiveCfg = Debug|Win32
		{0D6DDBC1-4CBA-46BE-8758-2B9E09981510}.Debug|x86.Build.0 = Debug|Win32
		{0D6DDBC1-4CBA-46BE-8758-2B9E09981510}.Release|x64.ActiveCfg = Release|x64
		{0D6DDBC1-4CBA-46BE-8758-2B9E09981510}.Release|x64.Build.0 = Release|x64
		{0D6DDBC1-4CBA-46BE-8758-2B9E09981510}.Release|x86.ActiveCfg = Release|Win32
		{0D6DDBC1-4CBA-46BE-8758-2B9E09981510}.Release|x86.Build.0 = Release|Win32
	EndGlobalSection
	GlobalSection(SolutionProperties) = preSolution
		HideSolutionNode = FALSE
	EndGlobalSection
	GlobalSection(ExtensibilityGlobals) = postSolution
		SolutionGuid = {E4944228-2720-46CB-A8F5-04F5D39A4BE0}
	EndGlobalSection
EndGlobal
