
Microsoft Visual Studio Solution File, Format Version 12.00
# Visual Studio 15
VisualStudioVersion = 15.0.26730.15
MinimumVisualStudioVersion = 10.0.40219.1
Project("{8BC9CEB8-8B4A-11D0-8D11-00A0C91BC942}") = "Ex03", "Ex03\Ex03.vcxproj", "{42CBB9B0-C4A2-4AE2-A836-3592318B1371}"
EndProject
Global
	GlobalSection(SolutionConfigurationPlatforms) = preSolution
		Debug|x64 = Debug|x64
		Debug|x86 = Debug|x86
		Release|x64 = Release|x64
		Release|x86 = Release|x86
	EndGlobalSection
	GlobalSection(ProjectConfigurationPlatforms) = postSolution
		{42CBB9B0-C4A2-4AE2-A836-3592318B1371}.Debug|x64.ActiveCfg = Debug|x64
		{42CBB9B0-C4A2-4AE2-A836-3592318B1371}.Debug|x64.Build.0 = Debug|x64
		{42CBB9B0-C4A2-4AE2-A836-3592318B1371}.Debug|x86.ActiveCfg = Debug|Win32
		{42CBB9B0-C4A2-4AE2-A836-3592318B1371}.Debug|x86.Build.0 = Debug|Win32
		{42CBB9B0-C4A2-4AE2-A836-3592318B1371}.Release|x64.ActiveCfg = Release|x64
		{42CBB9B0-C4A2-4AE2-A836-3592318B1371}.Release|x64.Build.0 = Release|x64
		{42CBB9B0-C4A2-4AE2-A836-3592318B1371}.Release|x86.ActiveCfg = Release|Win32
		{42CBB9B0-C4A2-4AE2-A836-3592318B1371}.Release|x86.Build.0 = Release|Win32
	EndGlobalSection
	GlobalSection(SolutionProperties) = preSolution
		HideSolutionNode = FALSE
	EndGlobalSection
	GlobalSection(ExtensibilityGlobals) = postSolution
		SolutionGuid = {BF188EB9-2BAB-4CA6-B343-38537E3BC30F}
	EndGlobalSection
EndGlobal
