
Microsoft Visual Studio Solution File, Format Version 12.00
# Visual Studio 15
VisualStudioVersion = 15.0.26730.15
MinimumVisualStudioVersion = 10.0.40219.1
Project("{8BC9CEB8-8B4A-11D0-8D11-00A0C91BC942}") = "Debug 2", "Debug 2\Debug 2.vcxproj", "{9DAD7FE8-A21B-45EA-AE10-4B7E8F8D44DD}"
EndProject
Global
	GlobalSection(SolutionConfigurationPlatforms) = preSolution
		Debug|x64 = Debug|x64
		Debug|x86 = Debug|x86
		Release|x64 = Release|x64
		Release|x86 = Release|x86
	EndGlobalSection
	GlobalSection(ProjectConfigurationPlatforms) = postSolution
		{9DAD7FE8-A21B-45EA-AE10-4B7E8F8D44DD}.Debug|x64.ActiveCfg = Debug|x64
		{9DAD7FE8-A21B-45EA-AE10-4B7E8F8D44DD}.Debug|x64.Build.0 = Debug|x64
		{9DAD7FE8-A21B-45EA-AE10-4B7E8F8D44DD}.Debug|x86.ActiveCfg = Debug|Win32
		{9DAD7FE8-A21B-45EA-AE10-4B7E8F8D44DD}.Debug|x86.Build.0 = Debug|Win32
		{9DAD7FE8-A21B-45EA-AE10-4B7E8F8D44DD}.Release|x64.ActiveCfg = Release|x64
		{9DAD7FE8-A21B-45EA-AE10-4B7E8F8D44DD}.Release|x64.Build.0 = Release|x64
		{9DAD7FE8-A21B-45EA-AE10-4B7E8F8D44DD}.Release|x86.ActiveCfg = Release|Win32
		{9DAD7FE8-A21B-45EA-AE10-4B7E8F8D44DD}.Release|x86.Build.0 = Release|Win32
	EndGlobalSection
	GlobalSection(SolutionProperties) = preSolution
		HideSolutionNode = FALSE
	EndGlobalSection
	GlobalSection(ExtensibilityGlobals) = postSolution
		SolutionGuid = {43BE1D9A-9346-4F3C-88D1-938E929327D1}
	EndGlobalSection
EndGlobal
