
Microsoft Visual Studio Solution File, Format Version 12.00
# Visual Studio 15
VisualStudioVersion = 15.0.26730.16
MinimumVisualStudioVersion = 10.0.40219.1
Project("{8BC9CEB8-8B4A-11D0-8D11-00A0C91BC942}") = "Ex55", "Ex55\Ex55.vcxproj", "{350A9DFE-9175-471C-8A33-F3C459CFEFCF}"
EndProject
Global
	GlobalSection(SolutionConfigurationPlatforms) = preSolution
		Debug|x64 = Debug|x64
		Debug|x86 = Debug|x86
		Release|x64 = Release|x64
		Release|x86 = Release|x86
	EndGlobalSection
	GlobalSection(ProjectConfigurationPlatforms) = postSolution
		{350A9DFE-9175-471C-8A33-F3C459CFEFCF}.Debug|x64.ActiveCfg = Debug|x64
		{350A9DFE-9175-471C-8A33-F3C459CFEFCF}.Debug|x64.Build.0 = Debug|x64
		{350A9DFE-9175-471C-8A33-F3C459CFEFCF}.Debug|x86.ActiveCfg = Debug|Win32
		{350A9DFE-9175-471C-8A33-F3C459CFEFCF}.Debug|x86.Build.0 = Debug|Win32
		{350A9DFE-9175-471C-8A33-F3C459CFEFCF}.Release|x64.ActiveCfg = Release|x64
		{350A9DFE-9175-471C-8A33-F3C459CFEFCF}.Release|x64.Build.0 = Release|x64
		{350A9DFE-9175-471C-8A33-F3C459CFEFCF}.Release|x86.ActiveCfg = Release|Win32
		{350A9DFE-9175-471C-8A33-F3C459CFEFCF}.Release|x86.Build.0 = Release|Win32
	EndGlobalSection
	GlobalSection(SolutionProperties) = preSolution
		HideSolutionNode = FALSE
	EndGlobalSection
	GlobalSection(ExtensibilityGlobals) = postSolution
		SolutionGuid = {F07F8396-7F69-48ED-9DCF-E5AAA9929B0C}
	EndGlobalSection
EndGlobal
